
Microsoft Visual Studio Solution File, Format Version 12.00
# Visual Studio Version 16
VisualStudioVersion = 16.0.29806.167
MinimumVisualStudioVersion = 10.0.40219.1
Project("{FAE04EC0-301F-11D3-BF4B-00C04F79EFBC}") = "LINQtoOBJexample", "LINQtoOBJexample.csproj", "{6EE68E67-F809-48F0-B408-2783DE583781}"
EndProject
Global
	GlobalSection(SolutionConfigurationPlatforms) = preSolution
		Debug|Any CPU = Debug|Any CPU
		Release|Any CPU = Release|Any CPU
	EndGlobalSection
	GlobalSection(ProjectConfigurationPlatforms) = postSolution
		{6EE68E67-F809-48F0-B408-2783DE583781}.Debug|Any CPU.ActiveCfg = Debug|Any CPU
		{6EE68E67-F809-48F0-B408-2783DE583781}.Debug|Any CPU.Build.0 = Debug|Any CPU
		{6EE68E67-F809-48F0-B408-2783DE583781}.Release|Any CPU.ActiveCfg = Release|Any CPU
		{6EE68E67-F809-48F0-B408-2783DE583781}.Release|Any CPU.Build.0 = Release|Any CPU
	EndGlobalSection
	GlobalSection(SolutionProperties) = preSolution
		HideSolutionNode = FALSE
	EndGlobalSection
	GlobalSection(ExtensibilityGlobals) = postSolution
		SolutionGuid = {24478CA5-5C05-4871-8B85-FB44FC192A5C}
	EndGlobalSection
EndGlobal
