
Microsoft Visual Studio Solution File, Format Version 12.00
# Visual Studio Version 16
VisualStudioVersion = 16.0.29806.167
MinimumVisualStudioVersion = 10.0.40219.1
Project("{FAE04EC0-301F-11D3-BF4B-00C04F79EFBC}") = "LinqGroupSort", "LinqGroupSort.csproj", "{493460B7-DF4E-4574-8D4B-C338604EC7DC}"
EndProject
Global
	GlobalSection(SolutionConfigurationPlatforms) = preSolution
		Debug|Any CPU = Debug|Any CPU
		Release|Any CPU = Release|Any CPU
	EndGlobalSection
	GlobalSection(ProjectConfigurationPlatforms) = postSolution
		{493460B7-DF4E-4574-8D4B-C338604EC7DC}.Debug|Any CPU.ActiveCfg = Debug|Any CPU
		{493460B7-DF4E-4574-8D4B-C338604EC7DC}.Debug|Any CPU.Build.0 = Debug|Any CPU
		{493460B7-DF4E-4574-8D4B-C338604EC7DC}.Release|Any CPU.ActiveCfg = Release|Any CPU
		{493460B7-DF4E-4574-8D4B-C338604EC7DC}.Release|Any CPU.Build.0 = Release|Any CPU
	EndGlobalSection
	GlobalSection(SolutionProperties) = preSolution
		HideSolutionNode = FALSE
	EndGlobalSection
	GlobalSection(ExtensibilityGlobals) = postSolution
		SolutionGuid = {868380FF-F307-4099-BE40-293323E7F5BA}
	EndGlobalSection
EndGlobal
